
Microsoft Visual Studio Solution File, Format Version 12.00
# Visual Studio 15
VisualStudioVersion = 15.0.26124.0
MinimumVisualStudioVersion = 15.0.26124.0
Project("{2150E333-8FDC-42A3-9474-1A3956D46DE8}") = "src", "src", "{6A34CF12-255A-4A4D-B891-2D558F10D291}"
EndProject
Project("{F2A71F9B-5D33-465A-A702-920D77279786}") = "crazyeights", "src\crazyeights\crazyeights.fsproj", "{8A077F7A-1133-4CAF-B22C-B7E44D5AB165}"
EndProject
Project("{2150E333-8FDC-42A3-9474-1A3956D46DE8}") = "tests", "tests", "{1CC5BFEC-F673-4958-B8C5-8C47A6F8E0D3}"
EndProject
Project("{F2A71F9B-5D33-465A-A702-920D77279786}") = "crazyeights.tests", "tests\crazyeights.tests\crazyeights.tests.fsproj", "{19B90FC7-17AD-4A99-851E-2CF05961833F}"
EndProject
Global
	GlobalSection(SolutionConfigurationPlatforms) = preSolution
		Debug|Any CPU = Debug|Any CPU
		Debug|x64 = Debug|x64
		Debug|x86 = Debug|x86
		Release|Any CPU = Release|Any CPU
		Release|x64 = Release|x64
		Release|x86 = Release|x86
	EndGlobalSection
	GlobalSection(SolutionProperties) = preSolution
		HideSolutionNode = FALSE
	EndGlobalSection
	GlobalSection(ProjectConfigurationPlatforms) = postSolution
		{8A077F7A-1133-4CAF-B22C-B7E44D5AB165}.Debug|Any CPU.ActiveCfg = Debug|Any CPU
		{8A077F7A-1133-4CAF-B22C-B7E44D5AB165}.Debug|Any CPU.Build.0 = Debug|Any CPU
		{8A077F7A-1133-4CAF-B22C-B7E44D5AB165}.Debug|x64.ActiveCfg = Debug|Any CPU
		{8A077F7A-1133-4CAF-B22C-B7E44D5AB165}.Debug|x64.Build.0 = Debug|Any CPU
		{8A077F7A-1133-4CAF-B22C-B7E44D5AB165}.Debug|x86.ActiveCfg = Debug|Any CPU
		{8A077F7A-1133-4CAF-B22C-B7E44D5AB165}.Debug|x86.Build.0 = Debug|Any CPU
		{8A077F7A-1133-4CAF-B22C-B7E44D5AB165}.Release|Any CPU.ActiveCfg = Release|Any CPU
		{8A077F7A-1133-4CAF-B22C-B7E44D5AB165}.Release|Any CPU.Build.0 = Release|Any CPU
		{8A077F7A-1133-4CAF-B22C-B7E44D5AB165}.Release|x64.ActiveCfg = Release|Any CPU
		{8A077F7A-1133-4CAF-B22C-B7E44D5AB165}.Release|x64.Build.0 = Release|Any CPU
		{8A077F7A-1133-4CAF-B22C-B7E44D5AB165}.Release|x86.ActiveCfg = Release|Any CPU
		{8A077F7A-1133-4CAF-B22C-B7E44D5AB165}.Release|x86.Build.0 = Release|Any CPU
		{19B90FC7-17AD-4A99-851E-2CF05961833F}.Debug|Any CPU.ActiveCfg = Debug|Any CPU
		{19B90FC7-17AD-4A99-851E-2CF05961833F}.Debug|Any CPU.Build.0 = Debug|Any CPU
		{19B90FC7-17AD-4A99-851E-2CF05961833F}.Debug|x64.ActiveCfg = Debug|Any CPU
		{19B90FC7-17AD-4A99-851E-2CF05961833F}.Debug|x64.Build.0 = Debug|Any CPU
		{19B90FC7-17AD-4A99-851E-2CF05961833F}.Debug|x86.ActiveCfg = Debug|Any CPU
		{19B90FC7-17AD-4A99-851E-2CF05961833F}.Debug|x86.Build.0 = Debug|Any CPU
		{19B90FC7-17AD-4A99-851E-2CF05961833F}.Release|Any CPU.ActiveCfg = Release|Any CPU
		{19B90FC7-17AD-4A99-851E-2CF05961833F}.Release|Any CPU.Build.0 = Release|Any CPU
		{19B90FC7-17AD-4A99-851E-2CF05961833F}.Release|x64.ActiveCfg = Release|Any CPU
		{19B90FC7-17AD-4A99-851E-2CF05961833F}.Release|x64.Build.0 = Release|Any CPU
		{19B90FC7-17AD-4A99-851E-2CF05961833F}.Release|x86.ActiveCfg = Release|Any CPU
		{19B90FC7-17AD-4A99-851E-2CF05961833F}.Release|x86.Build.0 = Release|Any CPU
	EndGlobalSection
	GlobalSection(NestedProjects) = preSolution
		{8A077F7A-1133-4CAF-B22C-B7E44D5AB165} = {6A34CF12-255A-4A4D-B891-2D558F10D291}
		{19B90FC7-17AD-4A99-851E-2CF05961833F} = {1CC5BFEC-F673-4958-B8C5-8C47A6F8E0D3}
	EndGlobalSection
EndGlobal
